// !$*UTF8*$!
{
	archiveVersion = 1;
	classes = {
	};
	objectVersion = 50;
	objects = {

/* Begin PBXBuildFile section */
		5E0BC61B21251BD300BE1AD2 /* Timeline.storyboard in Resources */ = {isa = PBXBuildFile; fileRef = 5E0BC61A21251BD300BE1AD2 /* Timeline.storyboard */; };
		5E0BC61D21251BFD00BE1AD2 /* TimelineTableViewController.swift in Sources */ = {isa = PBXBuildFile; fileRef = 5E0BC61C21251BFD00BE1AD2 /* TimelineTableViewController.swift */; };
		5E0BC61F21251CD100BE1AD2 /* TimelineTableViewCell.swift in Sources */ = {isa = PBXBuildFile; fileRef = 5E0BC61E21251CD100BE1AD2 /* TimelineTableViewCell.swift */; };
		5E1566B1212A2C880086E427 /* Database.swift in Sources */ = {isa = PBXBuildFile; fileRef = 5E1566B0212A2C880086E427 /* Database.swift */; };
		5E1566B2212A305A0086E427 /* Database.swift in Sources */ = {isa = PBXBuildFile; fileRef = 5E1566B0212A2C880086E427 /* Database.swift */; };
		5E1566B6212A4B070086E427 /* Account+CoreDataClass.swift in Sources */ = {isa = PBXBuildFile; fileRef = 5E1566B3212A4B060086E427 /* Account+CoreDataClass.swift */; };
		5E1566B7212A4B070086E427 /* Account+CoreDataClass.swift in Sources */ = {isa = PBXBuildFile; fileRef = 5E1566B3212A4B060086E427 /* Account+CoreDataClass.swift */; };
		5E1566B8212A4B070086E427 /* Account+CoreDataProperties.swift in Sources */ = {isa = PBXBuildFile; fileRef = 5E1566B4212A4B060086E427 /* Account+CoreDataProperties.swift */; };
		5E1566B9212A4B070086E427 /* Account+CoreDataProperties.swift in Sources */ = {isa = PBXBuildFile; fileRef = 5E1566B4212A4B060086E427 /* Account+CoreDataProperties.swift */; };
		5E1566BD212A4BB70086E427 /* MockDatabase.swift in Sources */ = {isa = PBXBuildFile; fileRef = 5E1566BC212A4BB70086E427 /* MockDatabase.swift */; };
		5E64DE862120F81300CFADAC /* AppDelegate.swift in Sources */ = {isa = PBXBuildFile; fileRef = 5E64DE852120F81300CFADAC /* AppDelegate.swift */; };
		5E64DE8D2120F81500CFADAC /* Assets.xcassets in Resources */ = {isa = PBXBuildFile; fileRef = 5E64DE8C2120F81500CFADAC /* Assets.xcassets */; };
		5E64DE902120F81500CFADAC /* LaunchScreen.storyboard in Resources */ = {isa = PBXBuildFile; fileRef = 5E64DE8E2120F81500CFADAC /* LaunchScreen.storyboard */; };
		5E64DE9B2120F81500CFADAC /* StegoTests.swift in Sources */ = {isa = PBXBuildFile; fileRef = 5E64DE9A2120F81500CFADAC /* StegoTests.swift */; };
		5E64DEA62120F81500CFADAC /* StegoUITests.swift in Sources */ = {isa = PBXBuildFile; fileRef = 5E64DEA52120F81500CFADAC /* StegoUITests.swift */; };
		5E64DEB52120FE9200CFADAC /* App.swift in Sources */ = {isa = PBXBuildFile; fileRef = 5E64DEB42120FE9200CFADAC /* App.swift */; };
		5E64DEB721210BFD00CFADAC /* Api.swift in Sources */ = {isa = PBXBuildFile; fileRef = 5E64DEB621210BFD00CFADAC /* Api.swift */; };
		5E64DEBA21210C1800CFADAC /* Decodable.swift in Sources */ = {isa = PBXBuildFile; fileRef = 5E64DEB921210C1800CFADAC /* Decodable.swift */; };
		5E64DEBD21210C9B00CFADAC /* Array.swift in Sources */ = {isa = PBXBuildFile; fileRef = 5E64DEBC21210C9B00CFADAC /* Array.swift */; };
		5E64DEBF21210CAB00CFADAC /* Result.swift in Sources */ = {isa = PBXBuildFile; fileRef = 5E64DEBE21210CAB00CFADAC /* Result.swift */; };
		5E64DEC121210CBB00CFADAC /* Enum.swift in Sources */ = {isa = PBXBuildFile; fileRef = 5E64DEC021210CBB00CFADAC /* Enum.swift */; };
		5E64DEC32121125800CFADAC /* Token.swift in Sources */ = {isa = PBXBuildFile; fileRef = 5E64DEC22121125800CFADAC /* Token.swift */; };
		5E64DEC52121322F00CFADAC /* URL.swift in Sources */ = {isa = PBXBuildFile; fileRef = 5E64DEC42121322F00CFADAC /* URL.swift */; };
		5E64DEC72121354100CFADAC /* Oauth.swift in Sources */ = {isa = PBXBuildFile; fileRef = 5E64DEC62121354100CFADAC /* Oauth.swift */; };
		5E93CD9121222ECE002F3D0E /* ApiError.swift in Sources */ = {isa = PBXBuildFile; fileRef = 5E93CD9021222ECE002F3D0E /* ApiError.swift */; };
		5E93CD93212233A5002F3D0E /* Log.swift in Sources */ = {isa = PBXBuildFile; fileRef = 5E93CD92212233A5002F3D0E /* Log.swift */; };
		5E93CD95212233EC002F3D0E /* Assert.swift in Sources */ = {isa = PBXBuildFile; fileRef = 5E93CD94212233EC002F3D0E /* Assert.swift */; };
		5E93CD972122345D002F3D0E /* GenericModels.swift in Sources */ = {isa = PBXBuildFile; fileRef = 5E93CD962122345D002F3D0E /* GenericModels.swift */; };
		5E93CD9A21223533002F3D0E /* AccessModelTests.swift in Sources */ = {isa = PBXBuildFile; fileRef = 5E93CD9921223533002F3D0E /* AccessModelTests.swift */; };
		5E93CD9D2122372B002F3D0E /* XCTExtensions.swift in Sources */ = {isa = PBXBuildFile; fileRef = 5E93CD9C2122372B002F3D0E /* XCTExtensions.swift */; };
		5E93CD9E21223767002F3D0E /* Decodable.swift in Sources */ = {isa = PBXBuildFile; fileRef = 5E64DEB921210C1800CFADAC /* Decodable.swift */; };
		5E93CDA121223830002F3D0E /* AccessModel.swift in Sources */ = {isa = PBXBuildFile; fileRef = 5E93CDA021223830002F3D0E /* AccessModel.swift */; };
		5E93CDA221223850002F3D0E /* AccessModel.swift in Sources */ = {isa = PBXBuildFile; fileRef = 5E93CDA021223830002F3D0E /* AccessModel.swift */; };
		5E93CDA5212280B0002F3D0E /* OauthApiTests.swift in Sources */ = {isa = PBXBuildFile; fileRef = 5E93CDA4212280B0002F3D0E /* OauthApiTests.swift */; };
		5E93CDAA212295D3002F3D0E /* AppModel.swift in Sources */ = {isa = PBXBuildFile; fileRef = 5E93CDA9212295D3002F3D0E /* AppModel.swift */; };
		5E992B0E212680DF0010D6C4 /* DataModels.xcdatamodeld in Sources */ = {isa = PBXBuildFile; fileRef = 5EA0A1652126607900C04C1E /* DataModels.xcdatamodeld */; };
		5E992B0F212680DF0010D6C4 /* DataModels.xcdatamodeld in Sources */ = {isa = PBXBuildFile; fileRef = 5EA0A1652126607900C04C1E /* DataModels.xcdatamodeld */; };
		5EA0A16F21267B8200C04C1E /* Status+CoreDataProperties.swift in Sources */ = {isa = PBXBuildFile; fileRef = 5EA0A16E212666B900C04C1E /* Status+CoreDataProperties.swift */; };
		5EA0A17021267B8300C04C1E /* Status+CoreDataProperties.swift in Sources */ = {isa = PBXBuildFile; fileRef = 5EA0A16E212666B900C04C1E /* Status+CoreDataProperties.swift */; };
		5EA0A17121267BA000C04C1E /* Status+CoreDataClass.swift in Sources */ = {isa = PBXBuildFile; fileRef = 5EA0A16D212666B900C04C1E /* Status+CoreDataClass.swift */; };
		5EA0A17221267BA100C04C1E /* Status+CoreDataClass.swift in Sources */ = {isa = PBXBuildFile; fileRef = 5EA0A16D212666B900C04C1E /* Status+CoreDataClass.swift */; };
		5EEB8DD121239765009070DE /* Oauth.swift in Sources */ = {isa = PBXBuildFile; fileRef = 5E64DEC62121354100CFADAC /* Oauth.swift */; };
		5EEB8DD3212397E1009070DE /* ApiEndpoint.swift in Sources */ = {isa = PBXBuildFile; fileRef = 5EEB8DD2212397E1009070DE /* ApiEndpoint.swift */; };
		5EEB8DD421239826009070DE /* ApiEndpoint.swift in Sources */ = {isa = PBXBuildFile; fileRef = 5EEB8DD2212397E1009070DE /* ApiEndpoint.swift */; };
		5EEB8DD521239FA9009070DE /* GenericModels.swift in Sources */ = {isa = PBXBuildFile; fileRef = 5E93CD962122345D002F3D0E /* GenericModels.swift */; };
		5EEB8DD621239FB0009070DE /* AppModel.swift in Sources */ = {isa = PBXBuildFile; fileRef = 5E93CDA9212295D3002F3D0E /* AppModel.swift */; };
		5EEB8DD82123B41B009070DE /* AccountApiTests.swift in Sources */ = {isa = PBXBuildFile; fileRef = 5EEB8DD72123B41B009070DE /* AccountApiTests.swift */; };
		5EEB8DDA2123B5D6009070DE /* Accounts.swift in Sources */ = {isa = PBXBuildFile; fileRef = 5EEB8DD92123B5D6009070DE /* Accounts.swift */; };
		5EEB8DDB2123B69E009070DE /* Accounts.swift in Sources */ = {isa = PBXBuildFile; fileRef = 5EEB8DD92123B5D6009070DE /* Accounts.swift */; };
		5EEB8DE02123BD5A009070DE /* AccountModelTests.swift in Sources */ = {isa = PBXBuildFile; fileRef = 5EEB8DDF2123BD5A009070DE /* AccountModelTests.swift */; };
		5EEB8DE22124F1CC009070DE /* StatusModelTests.swift in Sources */ = {isa = PBXBuildFile; fileRef = 5EEB8DE12124F1CC009070DE /* StatusModelTests.swift */; };
		5EEB8DE72124F3E8009070DE /* Timelines.swift in Sources */ = {isa = PBXBuildFile; fileRef = 5EEB8DE62124F3E8009070DE /* Timelines.swift */; };
		5EEB8DE82124F3E8009070DE /* Timelines.swift in Sources */ = {isa = PBXBuildFile; fileRef = 5EEB8DE62124F3E8009070DE /* Timelines.swift */; };
		5EEB8DEA2124F584009070DE /* TimelinesApiTests.swift in Sources */ = {isa = PBXBuildFile; fileRef = 5EEB8DE92124F584009070DE /* TimelinesApiTests.swift */; };
		5EEB8DED21250EA2009070DE /* HtmlToAttributedTests.swift in Sources */ = {isa = PBXBuildFile; fileRef = 5EEB8DEC21250EA2009070DE /* HtmlToAttributedTests.swift */; };
		5EEB8DEF21250F9B009070DE /* String.swift in Sources */ = {isa = PBXBuildFile; fileRef = 5EEB8DEE21250F9B009070DE /* String.swift */; };
		5EEB8DF021250F9B009070DE /* String.swift in Sources */ = {isa = PBXBuildFile; fileRef = 5EEB8DEE21250F9B009070DE /* String.swift */; };
		5EEB8DF3212517EC009070DE /* Registration.storyboard in Resources */ = {isa = PBXBuildFile; fileRef = 5EEB8DF2212517EC009070DE /* Registration.storyboard */; };
		5EEB8DF521251835009070DE /* RegistrationViewController.swift in Sources */ = {isa = PBXBuildFile; fileRef = 5EEB8DF421251835009070DE /* RegistrationViewController.swift */; };
		A0AA481753F95C4C5DBBAC5E /* Pods_StegoTests.framework in Frameworks */ = {isa = PBXBuildFile; fileRef = DFFCEF864242138EDBD716B3 /* Pods_StegoTests.framework */; };
		A258301F4DC54DAC14FDAB31 /* Pods_StegoUITests.framework in Frameworks */ = {isa = PBXBuildFile; fileRef = D0CA38C2405C63221052D3CC /* Pods_StegoUITests.framework */; };
		FA39B94374A4C469167CB980 /* Pods_Stego.framework in Frameworks */ = {isa = PBXBuildFile; fileRef = 6DE28E31444603801FBD03F0 /* Pods_Stego.framework */; };
/* End PBXBuildFile section */

/* Begin PBXContainerItemProxy section */
		5E64DE972120F81500CFADAC /* PBXContainerItemProxy */ = {
			isa = PBXContainerItemProxy;
			containerPortal = 5E64DE7A2120F81300CFADAC /* Project object */;
			proxyType = 1;
			remoteGlobalIDString = 5E64DE812120F81300CFADAC;
			remoteInfo = Stego;
		};
		5E64DEA22120F81500CFADAC /* PBXContainerItemProxy */ = {
			isa = PBXContainerItemProxy;
			containerPortal = 5E64DE7A2120F81300CFADAC /* Project object */;
			proxyType = 1;
			remoteGlobalIDString = 5E64DE812120F81300CFADAC;
			remoteInfo = Stego;
		};
/* End PBXContainerItemProxy section */

/* Begin PBXFileReference section */
		1C887BBE403EA9F7C0F451F1 /* Pods-StegoTests.debug.xcconfig */ = {isa = PBXFileReference; includeInIndex = 1; lastKnownFileType = text.xcconfig; name = "Pods-StegoTests.debug.xcconfig"; path = "Pods/Target Support Files/Pods-StegoTests/Pods-StegoTests.debug.xcconfig"; sourceTree = "<group>"; };
		411DA289233FB167A59459EE /* Pods-StegoUITests.release.xcconfig */ = {isa = PBXFileReference; includeInIndex = 1; lastKnownFileType = text.xcconfig; name = "Pods-StegoUITests.release.xcconfig"; path = "Pods/Target Support Files/Pods-StegoUITests/Pods-StegoUITests.release.xcconfig"; sourceTree = "<group>"; };
		5E0BC61A21251BD300BE1AD2 /* Timeline.storyboard */ = {isa = PBXFileReference; lastKnownFileType = file.storyboard; path = Timeline.storyboard; sourceTree = "<group>"; };
		5E0BC61C21251BFD00BE1AD2 /* TimelineTableViewController.swift */ = {isa = PBXFileReference; lastKnownFileType = sourcecode.swift; path = TimelineTableViewController.swift; sourceTree = "<group>"; };
		5E0BC61E21251CD100BE1AD2 /* TimelineTableViewCell.swift */ = {isa = PBXFileReference; lastKnownFileType = sourcecode.swift; path = TimelineTableViewCell.swift; sourceTree = "<group>"; };
		5E1566B0212A2C880086E427 /* Database.swift */ = {isa = PBXFileReference; lastKnownFileType = sourcecode.swift; path = Database.swift; sourceTree = "<group>"; };
		5E1566B3212A4B060086E427 /* Account+CoreDataClass.swift */ = {isa = PBXFileReference; lastKnownFileType = sourcecode.swift; name = "Account+CoreDataClass.swift"; path = "/Users/george/Work/Stego/Stego/DataModels/Account+CoreDataClass.swift"; sourceTree = "<absolute>"; };
		5E1566B4212A4B060086E427 /* Account+CoreDataProperties.swift */ = {isa = PBXFileReference; lastKnownFileType = sourcecode.swift; name = "Account+CoreDataProperties.swift"; path = "/Users/george/Work/Stego/Stego/DataModels/Account+CoreDataProperties.swift"; sourceTree = "<absolute>"; };
		5E1566BC212A4BB70086E427 /* MockDatabase.swift */ = {isa = PBXFileReference; lastKnownFileType = sourcecode.swift; path = MockDatabase.swift; sourceTree = "<group>"; };
		5E64DE822120F81300CFADAC /* Stego.app */ = {isa = PBXFileReference; explicitFileType = wrapper.application; includeInIndex = 0; path = Stego.app; sourceTree = BUILT_PRODUCTS_DIR; };
		5E64DE852120F81300CFADAC /* AppDelegate.swift */ = {isa = PBXFileReference; lastKnownFileType = sourcecode.swift; path = AppDelegate.swift; sourceTree = "<group>"; };
		5E64DE8C2120F81500CFADAC /* Assets.xcassets */ = {isa = PBXFileReference; lastKnownFileType = folder.assetcatalog; path = Assets.xcassets; sourceTree = "<group>"; };
		5E64DE8F2120F81500CFADAC /* Base */ = {isa = PBXFileReference; lastKnownFileType = file.storyboard; name = Base; path = Base.lproj/LaunchScreen.storyboard; sourceTree = "<group>"; };
		5E64DE912120F81500CFADAC /* Info.plist */ = {isa = PBXFileReference; lastKnownFileType = text.plist.xml; path = Info.plist; sourceTree = "<group>"; };
		5E64DE962120F81500CFADAC /* StegoTests.xctest */ = {isa = PBXFileReference; explicitFileType = wrapper.cfbundle; includeInIndex = 0; path = StegoTests.xctest; sourceTree = BUILT_PRODUCTS_DIR; };
		5E64DE9A2120F81500CFADAC /* StegoTests.swift */ = {isa = PBXFileReference; lastKnownFileType = sourcecode.swift; path = StegoTests.swift; sourceTree = "<group>"; };
		5E64DE9C2120F81500CFADAC /* Info.plist */ = {isa = PBXFileReference; lastKnownFileType = text.plist.xml; path = Info.plist; sourceTree = "<group>"; };
		5E64DEA12120F81500CFADAC /* StegoUITests.xctest */ = {isa = PBXFileReference; explicitFileType = wrapper.cfbundle; includeInIndex = 0; path = StegoUITests.xctest; sourceTree = BUILT_PRODUCTS_DIR; };
		5E64DEA52120F81500CFADAC /* StegoUITests.swift */ = {isa = PBXFileReference; lastKnownFileType = sourcecode.swift; path = StegoUITests.swift; sourceTree = "<group>"; };
		5E64DEA72120F81500CFADAC /* Info.plist */ = {isa = PBXFileReference; lastKnownFileType = text.plist.xml; path = Info.plist; sourceTree = "<group>"; };
		5E64DEB42120FE9200CFADAC /* App.swift */ = {isa = PBXFileReference; lastKnownFileType = sourcecode.swift; path = App.swift; sourceTree = "<group>"; };
		5E64DEB621210BFD00CFADAC /* Api.swift */ = {isa = PBXFileReference; lastKnownFileType = sourcecode.swift; path = Api.swift; sourceTree = "<group>"; };
		5E64DEB921210C1800CFADAC /* Decodable.swift */ = {isa = PBXFileReference; lastKnownFileType = sourcecode.swift; path = Decodable.swift; sourceTree = "<group>"; };
		5E64DEBC21210C9B00CFADAC /* Array.swift */ = {isa = PBXFileReference; lastKnownFileType = sourcecode.swift; path = Array.swift; sourceTree = "<group>"; };
		5E64DEBE21210CAB00CFADAC /* Result.swift */ = {isa = PBXFileReference; lastKnownFileType = sourcecode.swift; path = Result.swift; sourceTree = "<group>"; };
		5E64DEC021210CBB00CFADAC /* Enum.swift */ = {isa = PBXFileReference; lastKnownFileType = sourcecode.swift; path = Enum.swift; sourceTree = "<group>"; };
		5E64DEC22121125800CFADAC /* Token.swift */ = {isa = PBXFileReference; lastKnownFileType = sourcecode.swift; path = Token.swift; sourceTree = "<group>"; };
		5E64DEC42121322F00CFADAC /* URL.swift */ = {isa = PBXFileReference; lastKnownFileType = sourcecode.swift; path = URL.swift; sourceTree = "<group>"; };
		5E64DEC62121354100CFADAC /* Oauth.swift */ = {isa = PBXFileReference; lastKnownFileType = sourcecode.swift; path = Oauth.swift; sourceTree = "<group>"; };
		5E93CD9021222ECE002F3D0E /* ApiError.swift */ = {isa = PBXFileReference; lastKnownFileType = sourcecode.swift; path = ApiError.swift; sourceTree = "<group>"; };
		5E93CD92212233A5002F3D0E /* Log.swift */ = {isa = PBXFileReference; lastKnownFileType = sourcecode.swift; path = Log.swift; sourceTree = "<group>"; };
		5E93CD94212233EC002F3D0E /* Assert.swift */ = {isa = PBXFileReference; lastKnownFileType = sourcecode.swift; path = Assert.swift; sourceTree = "<group>"; };
		5E93CD962122345D002F3D0E /* GenericModels.swift */ = {isa = PBXFileReference; lastKnownFileType = sourcecode.swift; path = GenericModels.swift; sourceTree = "<group>"; };
		5E93CD9921223533002F3D0E /* AccessModelTests.swift */ = {isa = PBXFileReference; lastKnownFileType = sourcecode.swift; path = AccessModelTests.swift; sourceTree = "<group>"; };
		5E93CD9C2122372B002F3D0E /* XCTExtensions.swift */ = {isa = PBXFileReference; lastKnownFileType = sourcecode.swift; path = XCTExtensions.swift; sourceTree = "<group>"; };
		5E93CDA021223830002F3D0E /* AccessModel.swift */ = {isa = PBXFileReference; lastKnownFileType = sourcecode.swift; path = AccessModel.swift; sourceTree = "<group>"; };
		5E93CDA4212280B0002F3D0E /* OauthApiTests.swift */ = {isa = PBXFileReference; lastKnownFileType = sourcecode.swift; path = OauthApiTests.swift; sourceTree = "<group>"; };
		5E93CDA9212295D3002F3D0E /* AppModel.swift */ = {isa = PBXFileReference; lastKnownFileType = sourcecode.swift; path = AppModel.swift; sourceTree = "<group>"; };
		5EA0A1662126607900C04C1E /* DataModels.xcdatamodel */ = {isa = PBXFileReference; lastKnownFileType = wrapper.xcdatamodel; path = DataModels.xcdatamodel; sourceTree = "<group>"; };
		5EA0A16D212666B900C04C1E /* Status+CoreDataClass.swift */ = {isa = PBXFileReference; lastKnownFileType = sourcecode.swift; path = "Status+CoreDataClass.swift"; sourceTree = "<group>"; };
		5EA0A16E212666B900C04C1E /* Status+CoreDataProperties.swift */ = {isa = PBXFileReference; lastKnownFileType = sourcecode.swift; path = "Status+CoreDataProperties.swift"; sourceTree = "<group>"; };
		5EEB8DD2212397E1009070DE /* ApiEndpoint.swift */ = {isa = PBXFileReference; lastKnownFileType = sourcecode.swift; path = ApiEndpoint.swift; sourceTree = "<group>"; };
		5EEB8DD72123B41B009070DE /* AccountApiTests.swift */ = {isa = PBXFileReference; lastKnownFileType = sourcecode.swift; path = AccountApiTests.swift; sourceTree = "<group>"; };
		5EEB8DD92123B5D6009070DE /* Accounts.swift */ = {isa = PBXFileReference; lastKnownFileType = sourcecode.swift; path = Accounts.swift; sourceTree = "<group>"; };
		5EEB8DDC2123BC39009070DE /* AccountModel.swift */ = {isa = PBXFileReference; lastKnownFileType = sourcecode.swift; path = AccountModel.swift; sourceTree = "<group>"; };
		5EEB8DDF2123BD5A009070DE /* AccountModelTests.swift */ = {isa = PBXFileReference; lastKnownFileType = sourcecode.swift; path = AccountModelTests.swift; sourceTree = "<group>"; };
		5EEB8DE12124F1CC009070DE /* StatusModelTests.swift */ = {isa = PBXFileReference; lastKnownFileType = sourcecode.swift; path = StatusModelTests.swift; sourceTree = "<group>"; };
		5EEB8DE32124F301009070DE /* StatusModel.swift */ = {isa = PBXFileReference; lastKnownFileType = sourcecode.swift; path = StatusModel.swift; sourceTree = "<group>"; };
		5EEB8DE62124F3E8009070DE /* Timelines.swift */ = {isa = PBXFileReference; lastKnownFileType = sourcecode.swift; path = Timelines.swift; sourceTree = "<group>"; };
		5EEB8DE92124F584009070DE /* TimelinesApiTests.swift */ = {isa = PBXFileReference; lastKnownFileType = sourcecode.swift; path = TimelinesApiTests.swift; sourceTree = "<group>"; };
		5EEB8DEC21250EA2009070DE /* HtmlToAttributedTests.swift */ = {isa = PBXFileReference; lastKnownFileType = sourcecode.swift; path = HtmlToAttributedTests.swift; sourceTree = "<group>"; };
		5EEB8DEE21250F9B009070DE /* String.swift */ = {isa = PBXFileReference; lastKnownFileType = sourcecode.swift; path = String.swift; sourceTree = "<group>"; };
		5EEB8DF2212517EC009070DE /* Registration.storyboard */ = {isa = PBXFileReference; lastKnownFileType = file.storyboard; path = Registration.storyboard; sourceTree = "<group>"; };
		5EEB8DF421251835009070DE /* RegistrationViewController.swift */ = {isa = PBXFileReference; lastKnownFileType = sourcecode.swift; path = RegistrationViewController.swift; sourceTree = "<group>"; };
		689905337702E6E0696CFFFA /* Pods-StegoUITests.debug.xcconfig */ = {isa = PBXFileReference; includeInIndex = 1; lastKnownFileType = text.xcconfig; name = "Pods-StegoUITests.debug.xcconfig"; path = "Pods/Target Support Files/Pods-StegoUITests/Pods-StegoUITests.debug.xcconfig"; sourceTree = "<group>"; };
		6DE28E31444603801FBD03F0 /* Pods_Stego.framework */ = {isa = PBXFileReference; explicitFileType = wrapper.framework; includeInIndex = 0; path = Pods_Stego.framework; sourceTree = BUILT_PRODUCTS_DIR; };
		86840EF3649A60F737BCB915 /* Pods-Stego.debug.xcconfig */ = {isa = PBXFileReference; includeInIndex = 1; lastKnownFileType = text.xcconfig; name = "Pods-Stego.debug.xcconfig"; path = "Pods/Target Support Files/Pods-Stego/Pods-Stego.debug.xcconfig"; sourceTree = "<group>"; };
		A5195292377DD4E439D78A9D /* Pods-Stego.release.xcconfig */ = {isa = PBXFileReference; includeInIndex = 1; lastKnownFileType = text.xcconfig; name = "Pods-Stego.release.xcconfig"; path = "Pods/Target Support Files/Pods-Stego/Pods-Stego.release.xcconfig"; sourceTree = "<group>"; };
		D0CA38C2405C63221052D3CC /* Pods_StegoUITests.framework */ = {isa = PBXFileReference; explicitFileType = wrapper.framework; includeInIndex = 0; path = Pods_StegoUITests.framework; sourceTree = BUILT_PRODUCTS_DIR; };
		DFFCEF864242138EDBD716B3 /* Pods_StegoTests.framework */ = {isa = PBXFileReference; explicitFileType = wrapper.framework; includeInIndex = 0; path = Pods_StegoTests.framework; sourceTree = BUILT_PRODUCTS_DIR; };
		E6FA12AB3F1C07B6A70E3211 /* Pods-StegoTests.release.xcconfig */ = {isa = PBXFileReference; includeInIndex = 1; lastKnownFileType = text.xcconfig; name = "Pods-StegoTests.release.xcconfig"; path = "Pods/Target Support Files/Pods-StegoTests/Pods-StegoTests.release.xcconfig"; sourceTree = "<group>"; };
/* End PBXFileReference section */

/* Begin PBXFrameworksBuildPhase section */
		5E64DE7F2120F81300CFADAC /* Frameworks */ = {
			isa = PBXFrameworksBuildPhase;
			buildActionMask = 2147483647;
			files = (
				FA39B94374A4C469167CB980 /* Pods_Stego.framework in Frameworks */,
			);
			runOnlyForDeploymentPostprocessing = 0;
		};
		5E64DE932120F81500CFADAC /* Frameworks */ = {
			isa = PBXFrameworksBuildPhase;
			buildActionMask = 2147483647;
			files = (
				A0AA481753F95C4C5DBBAC5E /* Pods_StegoTests.framework in Frameworks */,
			);
			runOnlyForDeploymentPostprocessing = 0;
		};
		5E64DE9E2120F81500CFADAC /* Frameworks */ = {
			isa = PBXFrameworksBuildPhase;
			buildActionMask = 2147483647;
			files = (
				A258301F4DC54DAC14FDAB31 /* Pods_StegoUITests.framework in Frameworks */,
			);
			runOnlyForDeploymentPostprocessing = 0;
		};
/* End PBXFrameworksBuildPhase section */

/* Begin PBXGroup section */
		5E0BC61921251BBD00BE1AD2 /* Timeline */ = {
			isa = PBXGroup;
			children = (
				5E0BC61A21251BD300BE1AD2 /* Timeline.storyboard */,
				5E0BC61C21251BFD00BE1AD2 /* TimelineTableViewController.swift */,
				5E0BC61E21251CD100BE1AD2 /* TimelineTableViewCell.swift */,
			);
			path = Timeline;
			sourceTree = "<group>";
		};
		5E64DE792120F81300CFADAC = {
			isa = PBXGroup;
			children = (
				5E64DE842120F81300CFADAC /* Stego */,
				5E64DE992120F81500CFADAC /* StegoTests */,
				5E64DEA42120F81500CFADAC /* StegoUITests */,
				5E64DE832120F81300CFADAC /* Products */,
				9F2B53B67C761229B69C3B16 /* Pods */,
				8F3505E0E2BC1901721CFA82 /* Frameworks */,
			);
			sourceTree = "<group>";
		};
		5E64DE832120F81300CFADAC /* Products */ = {
			isa = PBXGroup;
			children = (
				5E64DE822120F81300CFADAC /* Stego.app */,
				5E64DE962120F81500CFADAC /* StegoTests.xctest */,
				5E64DEA12120F81500CFADAC /* StegoUITests.xctest */,
			);
			name = Products;
			sourceTree = "<group>";
		};
		5E64DE842120F81300CFADAC /* Stego */ = {
			isa = PBXGroup;
			children = (
				5EA0A1682126628D00C04C1E /* DataModels */,
				5EEB8DF821251B66009070DE /* Views */,
				5E64DEB821210C0400CFADAC /* Utiities */,
				5E64DEB32120FE4F00CFADAC /* Api */,
				5E64DE852120F81300CFADAC /* AppDelegate.swift */,
				5E64DE8C2120F81500CFADAC /* Assets.xcassets */,
				5E64DE8E2120F81500CFADAC /* LaunchScreen.storyboard */,
				5E64DE912120F81500CFADAC /* Info.plist */,
			);
			path = Stego;
			sourceTree = "<group>";
		};
		5E64DE992120F81500CFADAC /* StegoTests */ = {
			isa = PBXGroup;
			children = (
				5EEB8DEB21250E29009070DE /* Utility Tests */,
				5E93CDA321228069002F3D0E /* Api Tests */,
				5E93CD9B21223538002F3D0E /* Model Tests */,
				5E64DE9A2120F81500CFADAC /* StegoTests.swift */,
				5E64DE9C2120F81500CFADAC /* Info.plist */,
				5E93CD9C2122372B002F3D0E /* XCTExtensions.swift */,
				5E1566BC212A4BB70086E427 /* MockDatabase.swift */,
			);
			path = StegoTests;
			sourceTree = "<group>";
		};
		5E64DEA42120F81500CFADAC /* StegoUITests */ = {
			isa = PBXGroup;
			children = (
				5E64DEA52120F81500CFADAC /* StegoUITests.swift */,
				5E64DEA72120F81500CFADAC /* Info.plist */,
			);
			path = StegoUITests;
			sourceTree = "<group>";
		};
		5E64DEB32120FE4F00CFADAC /* Api */ = {
			isa = PBXGroup;
			children = (
				5E93CDA6212280D3002F3D0E /* Api Endpoints */,
				5E93CD9F21223817002F3D0E /* Models */,
				5E64DEB621210BFD00CFADAC /* Api.swift */,
				5EEB8DD2212397E1009070DE /* ApiEndpoint.swift */,
				5E93CD9021222ECE002F3D0E /* ApiError.swift */,
				5E64DEC22121125800CFADAC /* Token.swift */,
				5E1566B0212A2C880086E427 /* Database.swift */,
			);
			path = Api;
			sourceTree = "<group>";
		};
		5E64DEB821210C0400CFADAC /* Utiities */ = {
			isa = PBXGroup;
			children = (
				5E64DEBC21210C9B00CFADAC /* Array.swift */,
				5E93CD94212233EC002F3D0E /* Assert.swift */,
				5E64DEB921210C1800CFADAC /* Decodable.swift */,
				5E64DEC021210CBB00CFADAC /* Enum.swift */,
				5E93CD92212233A5002F3D0E /* Log.swift */,
				5E64DEBE21210CAB00CFADAC /* Result.swift */,
				5E64DEC42121322F00CFADAC /* URL.swift */,
				5EEB8DEE21250F9B009070DE /* String.swift */,
			);
			path = Utiities;
			sourceTree = "<group>";
		};
		5E93CD9B21223538002F3D0E /* Model Tests */ = {
			isa = PBXGroup;
			children = (
				5E93CD9921223533002F3D0E /* AccessModelTests.swift */,
				5EEB8DDF2123BD5A009070DE /* AccountModelTests.swift */,
				5EEB8DE12124F1CC009070DE /* StatusModelTests.swift */,
			);
			path = "Model Tests";
			sourceTree = "<group>";
		};
		5E93CD9F21223817002F3D0E /* Models */ = {
			isa = PBXGroup;
			children = (
				5E93CD962122345D002F3D0E /* GenericModels.swift */,
				5E93CDA021223830002F3D0E /* AccessModel.swift */,
				5E93CDA9212295D3002F3D0E /* AppModel.swift */,
				5EEB8DDC2123BC39009070DE /* AccountModel.swift */,
				5EEB8DE32124F301009070DE /* StatusModel.swift */,
			);
			path = Models;
			sourceTree = "<group>";
		};
		5E93CDA321228069002F3D0E /* Api Tests */ = {
			isa = PBXGroup;
			children = (
				5E93CDA4212280B0002F3D0E /* OauthApiTests.swift */,
				5EEB8DD72123B41B009070DE /* AccountApiTests.swift */,
				5EEB8DE92124F584009070DE /* TimelinesApiTests.swift */,
			);
			path = "Api Tests";
			sourceTree = "<group>";
		};
		5E93CDA6212280D3002F3D0E /* Api Endpoints */ = {
			isa = PBXGroup;
			children = (
				5E64DEB42120FE9200CFADAC /* App.swift */,
				5E64DEC62121354100CFADAC /* Oauth.swift */,
				5EEB8DD92123B5D6009070DE /* Accounts.swift */,
				5EEB8DE62124F3E8009070DE /* Timelines.swift */,
			);
			path = "Api Endpoints";
			sourceTree = "<group>";
		};
		5EA0A1682126628D00C04C1E /* DataModels */ = {
			isa = PBXGroup;
			children = (
				5E1566B3212A4B060086E427 /* Account+CoreDataClass.swift */,
				5E1566B4212A4B060086E427 /* Account+CoreDataProperties.swift */,
				5EA0A16D212666B900C04C1E /* Status+CoreDataClass.swift */,
				5EA0A16E212666B900C04C1E /* Status+CoreDataProperties.swift */,
				5EA0A1652126607900C04C1E /* DataModels.xcdatamodeld */,
			);
			path = DataModels;
			sourceTree = "<group>";
		};
		5EEB8DEB21250E29009070DE /* Utility Tests */ = {
			isa = PBXGroup;
			children = (
				5EEB8DEC21250EA2009070DE /* HtmlToAttributedTests.swift */,
			);
			path = "Utility Tests";
			sourceTree = "<group>";
		};
		5EEB8DF1212517AC009070DE /* Registration */ = {
			isa = PBXGroup;
			children = (
				5EEB8DF2212517EC009070DE /* Registration.storyboard */,
				5EEB8DF421251835009070DE /* RegistrationViewController.swift */,
			);
			path = Registration;
			sourceTree = "<group>";
		};
		5EEB8DF821251B66009070DE /* Views */ = {
			isa = PBXGroup;
			children = (
				5E0BC61921251BBD00BE1AD2 /* Timeline */,
				5EEB8DF1212517AC009070DE /* Registration */,
			);
			path = Views;
			sourceTree = "<group>";
		};
		8F3505E0E2BC1901721CFA82 /* Frameworks */ = {
			isa = PBXGroup;
			children = (
				6DE28E31444603801FBD03F0 /* Pods_Stego.framework */,
				DFFCEF864242138EDBD716B3 /* Pods_StegoTests.framework */,
				D0CA38C2405C63221052D3CC /* Pods_StegoUITests.framework */,
			);
			name = Frameworks;
			sourceTree = "<group>";
		};
		9F2B53B67C761229B69C3B16 /* Pods */ = {
			isa = PBXGroup;
			children = (
				86840EF3649A60F737BCB915 /* Pods-Stego.debug.xcconfig */,
				A5195292377DD4E439D78A9D /* Pods-Stego.release.xcconfig */,
				1C887BBE403EA9F7C0F451F1 /* Pods-StegoTests.debug.xcconfig */,
				E6FA12AB3F1C07B6A70E3211 /* Pods-StegoTests.release.xcconfig */,
				689905337702E6E0696CFFFA /* Pods-StegoUITests.debug.xcconfig */,
				411DA289233FB167A59459EE /* Pods-StegoUITests.release.xcconfig */,
			);
			name = Pods;
			sourceTree = "<group>";
		};
/* End PBXGroup section */

/* Begin PBXNativeTarget section */
		5E64DE812120F81300CFADAC /* Stego */ = {
			isa = PBXNativeTarget;
			buildConfigurationList = 5E64DEAA2120F81500CFADAC /* Build configuration list for PBXNativeTarget "Stego" */;
			buildPhases = (
				E124300F3F6854F36631BE9B /* [CP] Check Pods Manifest.lock */,
				5E64DE7E2120F81300CFADAC /* Sources */,
				5E64DE7F2120F81300CFADAC /* Frameworks */,
				5E64DE802120F81300CFADAC /* Resources */,
				E84742C919762541806EAF7A /* [CP] Embed Pods Frameworks */,
			);
			buildRules = (
			);
			dependencies = (
			);
			name = Stego;
			productName = Stego;
			productReference = 5E64DE822120F81300CFADAC /* Stego.app */;
			productType = "com.apple.product-type.application";
		};
		5E64DE952120F81500CFADAC /* StegoTests */ = {
			isa = PBXNativeTarget;
			buildConfigurationList = 5E64DEAD2120F81500CFADAC /* Build configuration list for PBXNativeTarget "StegoTests" */;
			buildPhases = (
				3704DF48FF4AA966264F3598 /* [CP] Check Pods Manifest.lock */,
				5E64DE922120F81500CFADAC /* Sources */,
				5E64DE932120F81500CFADAC /* Frameworks */,
				5E64DE942120F81500CFADAC /* Resources */,
			);
			buildRules = (
			);
			dependencies = (
				5E64DE982120F81500CFADAC /* PBXTargetDependency */,
			);
			name = StegoTests;
			productName = StegoTests;
			productReference = 5E64DE962120F81500CFADAC /* StegoTests.xctest */;
			productType = "com.apple.product-type.bundle.unit-test";
		};
		5E64DEA02120F81500CFADAC /* StegoUITests */ = {
			isa = PBXNativeTarget;
			buildConfigurationList = 5E64DEB02120F81500CFADAC /* Build configuration list for PBXNativeTarget "StegoUITests" */;
			buildPhases = (
				A85554031947178E980931BD /* [CP] Check Pods Manifest.lock */,
				5E64DE9D2120F81500CFADAC /* Sources */,
				5E64DE9E2120F81500CFADAC /* Frameworks */,
				5E64DE9F2120F81500CFADAC /* Resources */,
			);
			buildRules = (
			);
			dependencies = (
				5E64DEA32120F81500CFADAC /* PBXTargetDependency */,
			);
			name = StegoUITests;
			productName = StegoUITests;
			productReference = 5E64DEA12120F81500CFADAC /* StegoUITests.xctest */;
			productType = "com.apple.product-type.bundle.ui-testing";
		};
/* End PBXNativeTarget section */

/* Begin PBXProject section */
		5E64DE7A2120F81300CFADAC /* Project object */ = {
			isa = PBXProject;
			attributes = {
				LastSwiftUpdateCheck = 0940;
				LastUpgradeCheck = 0940;
				ORGANIZATIONNAME = "George Sealy";
				TargetAttributes = {
					5E64DE812120F81300CFADAC = {
						CreatedOnToolsVersion = 9.4.1;
					};
					5E64DE952120F81500CFADAC = {
						CreatedOnToolsVersion = 9.4.1;
						TestTargetID = 5E64DE812120F81300CFADAC;
					};
					5E64DEA02120F81500CFADAC = {
						CreatedOnToolsVersion = 9.4.1;
						TestTargetID = 5E64DE812120F81300CFADAC;
					};
				};
			};
			buildConfigurationList = 5E64DE7D2120F81300CFADAC /* Build configuration list for PBXProject "Stego" */;
			compatibilityVersion = "Xcode 9.3";
			developmentRegion = en;
			hasScannedForEncodings = 0;
			knownRegions = (
				en,
				Base,
			);
			mainGroup = 5E64DE792120F81300CFADAC;
			productRefGroup = 5E64DE832120F81300CFADAC /* Products */;
			projectDirPath = "";
			projectRoot = "";
			targets = (
				5E64DE812120F81300CFADAC /* Stego */,
				5E64DE952120F81500CFADAC /* StegoTests */,
				5E64DEA02120F81500CFADAC /* StegoUITests */,
			);
		};
/* End PBXProject section */

/* Begin PBXResourcesBuildPhase section */
		5E64DE802120F81300CFADAC /* Resources */ = {
			isa = PBXResourcesBuildPhase;
			buildActionMask = 2147483647;
			files = (
				5E64DE902120F81500CFADAC /* LaunchScreen.storyboard in Resources */,
				5E0BC61B21251BD300BE1AD2 /* Timeline.storyboard in Resources */,
				5EEB8DF3212517EC009070DE /* Registration.storyboard in Resources */,
				5E64DE8D2120F81500CFADAC /* Assets.xcassets in Resources */,
			);
			runOnlyForDeploymentPostprocessing = 0;
		};
		5E64DE942120F81500CFADAC /* Resources */ = {
			isa = PBXResourcesBuildPhase;
			buildActionMask = 2147483647;
			files = (
			);
			runOnlyForDeploymentPostprocessing = 0;
		};
		5E64DE9F2120F81500CFADAC /* Resources */ = {
			isa = PBXResourcesBuildPhase;
			buildActionMask = 2147483647;
			files = (
			);
			runOnlyForDeploymentPostprocessing = 0;
		};
/* End PBXResourcesBuildPhase section */

/* Begin PBXShellScriptBuildPhase section */
		3704DF48FF4AA966264F3598 /* [CP] Check Pods Manifest.lock */ = {
			isa = PBXShellScriptBuildPhase;
			buildActionMask = 2147483647;
			files = (
			);
			inputPaths = (
				"${PODS_PODFILE_DIR_PATH}/Podfile.lock",
				"${PODS_ROOT}/Manifest.lock",
			);
			name = "[CP] Check Pods Manifest.lock";
			outputPaths = (
				"$(DERIVED_FILE_DIR)/Pods-StegoTests-checkManifestLockResult.txt",
			);
			runOnlyForDeploymentPostprocessing = 0;
			shellPath = /bin/sh;
			shellScript = "diff \"${PODS_PODFILE_DIR_PATH}/Podfile.lock\" \"${PODS_ROOT}/Manifest.lock\" > /dev/null\nif [ $? != 0 ] ; then\n    # print error to STDERR\n    echo \"error: The sandbox is not in sync with the Podfile.lock. Run 'pod install' or update your CocoaPods installation.\" >&2\n    exit 1\nfi\n# This output is used by Xcode 'outputs' to avoid re-running this script phase.\necho \"SUCCESS\" > \"${SCRIPT_OUTPUT_FILE_0}\"\n";
			showEnvVarsInLog = 0;
		};
		A85554031947178E980931BD /* [CP] Check Pods Manifest.lock */ = {
			isa = PBXShellScriptBuildPhase;
			buildActionMask = 2147483647;
			files = (
			);
			inputPaths = (
				"${PODS_PODFILE_DIR_PATH}/Podfile.lock",
				"${PODS_ROOT}/Manifest.lock",
			);
			name = "[CP] Check Pods Manifest.lock";
			outputPaths = (
				"$(DERIVED_FILE_DIR)/Pods-StegoUITests-checkManifestLockResult.txt",
			);
			runOnlyForDeploymentPostprocessing = 0;
			shellPath = /bin/sh;
			shellScript = "diff \"${PODS_PODFILE_DIR_PATH}/Podfile.lock\" \"${PODS_ROOT}/Manifest.lock\" > /dev/null\nif [ $? != 0 ] ; then\n    # print error to STDERR\n    echo \"error: The sandbox is not in sync with the Podfile.lock. Run 'pod install' or update your CocoaPods installation.\" >&2\n    exit 1\nfi\n# This output is used by Xcode 'outputs' to avoid re-running this script phase.\necho \"SUCCESS\" > \"${SCRIPT_OUTPUT_FILE_0}\"\n";
			showEnvVarsInLog = 0;
		};
		E124300F3F6854F36631BE9B /* [CP] Check Pods Manifest.lock */ = {
			isa = PBXShellScriptBuildPhase;
			buildActionMask = 2147483647;
			files = (
			);
			inputPaths = (
				"${PODS_PODFILE_DIR_PATH}/Podfile.lock",
				"${PODS_ROOT}/Manifest.lock",
			);
			name = "[CP] Check Pods Manifest.lock";
			outputPaths = (
				"$(DERIVED_FILE_DIR)/Pods-Stego-checkManifestLockResult.txt",
			);
			runOnlyForDeploymentPostprocessing = 0;
			shellPath = /bin/sh;
			shellScript = "diff \"${PODS_PODFILE_DIR_PATH}/Podfile.lock\" \"${PODS_ROOT}/Manifest.lock\" > /dev/null\nif [ $? != 0 ] ; then\n    # print error to STDERR\n    echo \"error: The sandbox is not in sync with the Podfile.lock. Run 'pod install' or update your CocoaPods installation.\" >&2\n    exit 1\nfi\n# This output is used by Xcode 'outputs' to avoid re-running this script phase.\necho \"SUCCESS\" > \"${SCRIPT_OUTPUT_FILE_0}\"\n";
			showEnvVarsInLog = 0;
		};
		E84742C919762541806EAF7A /* [CP] Embed Pods Frameworks */ = {
			isa = PBXShellScriptBuildPhase;
			buildActionMask = 2147483647;
			files = (
			);
			inputPaths = (
				"${SRCROOT}/Pods/Target Support Files/Pods-Stego/Pods-Stego-frameworks.sh",
				"${BUILT_PRODUCTS_DIR}/Alamofire/Alamofire.framework",
				"${BUILT_PRODUCTS_DIR}/AlamofireImage/AlamofireImage.framework",
				"${BUILT_PRODUCTS_DIR}/MastodonKit/MastodonKit.framework",
			);
			name = "[CP] Embed Pods Frameworks";
			outputPaths = (
				"${TARGET_BUILD_DIR}/${FRAMEWORKS_FOLDER_PATH}/Alamofire.framework",
				"${TARGET_BUILD_DIR}/${FRAMEWORKS_FOLDER_PATH}/AlamofireImage.framework",
				"${TARGET_BUILD_DIR}/${FRAMEWORKS_FOLDER_PATH}/MastodonKit.framework",
			);
			runOnlyForDeploymentPostprocessing = 0;
			shellPath = /bin/sh;
			shellScript = "\"${SRCROOT}/Pods/Target Support Files/Pods-Stego/Pods-Stego-frameworks.sh\"\n";
			showEnvVarsInLog = 0;
		};
/* End PBXShellScriptBuildPhase section */

/* Begin PBXSourcesBuildPhase section */
		5E64DE7E2120F81300CFADAC /* Sources */ = {
			isa = PBXSourcesBuildPhase;
			buildActionMask = 2147483647;
			files = (
				5EEB8DE72124F3E8009070DE /* Timelines.swift in Sources */,
				5E1566B6212A4B070086E427 /* Account+CoreDataClass.swift in Sources */,
				5E64DEC32121125800CFADAC /* Token.swift in Sources */,
				5E0BC61F21251CD100BE1AD2 /* TimelineTableViewCell.swift in Sources */,
				5EEB8DEF21250F9B009070DE /* String.swift in Sources */,
				5E93CD93212233A5002F3D0E /* Log.swift in Sources */,
				5E64DEB52120FE9200CFADAC /* App.swift in Sources */,
				5EA0A16F21267B8200C04C1E /* Status+CoreDataProperties.swift in Sources */,
				5E64DEC121210CBB00CFADAC /* Enum.swift in Sources */,
				5E93CD95212233EC002F3D0E /* Assert.swift in Sources */,
				5E64DEB721210BFD00CFADAC /* Api.swift in Sources */,
				5E1566B8212A4B070086E427 /* Account+CoreDataProperties.swift in Sources */,
				5E64DEC52121322F00CFADAC /* URL.swift in Sources */,
				5E64DEBD21210C9B00CFADAC /* Array.swift in Sources */,
				5E64DEBF21210CAB00CFADAC /* Result.swift in Sources */,
				5EEB8DD3212397E1009070DE /* ApiEndpoint.swift in Sources */,
				5E93CDAA212295D3002F3D0E /* AppModel.swift in Sources */,
				5E64DEBA21210C1800CFADAC /* Decodable.swift in Sources */,
				5E93CD9121222ECE002F3D0E /* ApiError.swift in Sources */,
				5EEB8DF521251835009070DE /* RegistrationViewController.swift in Sources */,
				5E64DEC72121354100CFADAC /* Oauth.swift in Sources */,
				5E992B0E212680DF0010D6C4 /* DataModels.xcdatamodeld in Sources */,
				5E64DE862120F81300CFADAC /* AppDelegate.swift in Sources */,
				5E93CD972122345D002F3D0E /* GenericModels.swift in Sources */,
				5EEB8DDA2123B5D6009070DE /* Accounts.swift in Sources */,
				5E0BC61D21251BFD00BE1AD2 /* TimelineTableViewController.swift in Sources */,
				5EA0A17121267BA000C04C1E /* Status+CoreDataClass.swift in Sources */,
				5E1566B1212A2C880086E427 /* Database.swift in Sources */,
				5E93CDA121223830002F3D0E /* AccessModel.swift in Sources */,
			);
			runOnlyForDeploymentPostprocessing = 0;
		};
		5E64DE922120F81500CFADAC /* Sources */ = {
			isa = PBXSourcesBuildPhase;
			buildActionMask = 2147483647;
			files = (
				5E93CDA5212280B0002F3D0E /* OauthApiTests.swift in Sources */,
				5EEB8DF021250F9B009070DE /* String.swift in Sources */,
				5E1566B9212A4B070086E427 /* Account+CoreDataProperties.swift in Sources */,
				5EEB8DE02123BD5A009070DE /* AccountModelTests.swift in Sources */,
				5E93CD9A21223533002F3D0E /* AccessModelTests.swift in Sources */,
				5E992B0F212680DF0010D6C4 /* DataModels.xcdatamodeld in Sources */,
				5E1566BD212A4BB70086E427 /* MockDatabase.swift in Sources */,
				5E93CDA221223850002F3D0E /* AccessModel.swift in Sources */,
				5EEB8DD621239FB0009070DE /* AppModel.swift in Sources */,
				5E1566B7212A4B070086E427 /* Account+CoreDataClass.swift in Sources */,
				5EEB8DD82123B41B009070DE /* AccountApiTests.swift in Sources */,
				5EEB8DDB2123B69E009070DE /* Accounts.swift in Sources */,
				5EA0A17221267BA100C04C1E /* Status+CoreDataClass.swift in Sources */,
				5EEB8DD121239765009070DE /* Oauth.swift in Sources */,
				5E93CD9D2122372B002F3D0E /* XCTExtensions.swift in Sources */,
				5E64DE9B2120F81500CFADAC /* StegoTests.swift in Sources */,
				5EA0A17021267B8300C04C1E /* Status+CoreDataProperties.swift in Sources */,
				5E93CD9E21223767002F3D0E /* Decodable.swift in Sources */,
				5EEB8DD421239826009070DE /* ApiEndpoint.swift in Sources */,
				5EEB8DE22124F1CC009070DE /* StatusModelTests.swift in Sources */,
				5EEB8DEA2124F584009070DE /* TimelinesApiTests.swift in Sources */,
				5EEB8DE82124F3E8009070DE /* Timelines.swift in Sources */,
				5EEB8DD521239FA9009070DE /* GenericModels.swift in Sources */,
				5EEB8DED21250EA2009070DE /* HtmlToAttributedTests.swift in Sources */,
				5E1566B2212A305A0086E427 /* Database.swift in Sources */,
			);
			runOnlyForDeploymentPostprocessing = 0;
		};
		5E64DE9D2120F81500CFADAC /* Sources */ = {
			isa = PBXSourcesBuildPhase;
			buildActionMask = 2147483647;
			files = (
				5E64DEA62120F81500CFADAC /* StegoUITests.swift in Sources */,
			);
			runOnlyForDeploymentPostprocessing = 0;
		};
/* End PBXSourcesBuildPhase section */

/* Begin PBXTargetDependency section */
		5E64DE982120F81500CFADAC /* PBXTargetDependency */ = {
			isa = PBXTargetDependency;
			target = 5E64DE812120F81300CFADAC /* Stego */;
			targetProxy = 5E64DE972120F81500CFADAC /* PBXContainerItemProxy */;
		};
		5E64DEA32120F81500CFADAC /* PBXTargetDependency */ = {
			isa = PBXTargetDependency;
			target = 5E64DE812120F81300CFADAC /* Stego */;
			targetProxy = 5E64DEA22120F81500CFADAC /* PBXContainerItemProxy */;
		};
/* End PBXTargetDependency section */

/* Begin PBXVariantGroup section */
		5E64DE8E2120F81500CFADAC /* LaunchScreen.storyboard */ = {
			isa = PBXVariantGroup;
			children = (
				5E64DE8F2120F81500CFADAC /* Base */,
			);
			name = LaunchScreen.storyboard;
			sourceTree = "<group>";
		};
/* End PBXVariantGroup section */

/* Begin XCBuildConfiguration section */
		5E64DEA82120F81500CFADAC /* Debug */ = {
			isa = XCBuildConfiguration;
			buildSettings = {
				ALWAYS_SEARCH_USER_PATHS = NO;
				CLANG_ANALYZER_NONNULL = YES;
				CLANG_ANALYZER_NUMBER_OBJECT_CONVERSION = YES_AGGRESSIVE;
				CLANG_CXX_LANGUAGE_STANDARD = "gnu++14";
				CLANG_CXX_LIBRARY = "libc++";
				CLANG_ENABLE_MODULES = YES;
				CLANG_ENABLE_OBJC_ARC = YES;
				CLANG_ENABLE_OBJC_WEAK = YES;
				CLANG_WARN_BLOCK_CAPTURE_AUTORELEASING = YES;
				CLANG_WARN_BOOL_CONVERSION = YES;
				CLANG_WARN_COMMA = YES;
				CLANG_WARN_CONSTANT_CONVERSION = YES;
				CLANG_WARN_DEPRECATED_OBJC_IMPLEMENTATIONS = YES;
				CLANG_WARN_DIRECT_OBJC_ISA_USAGE = YES_ERROR;
				CLANG_WARN_DOCUMENTATION_COMMENTS = YES;
				CLANG_WARN_EMPTY_BODY = YES;
				CLANG_WARN_ENUM_CONVERSION = YES;
				CLANG_WARN_INFINITE_RECURSION = YES;
				CLANG_WARN_INT_CONVERSION = YES;
				CLANG_WARN_NON_LITERAL_NULL_CONVERSION = YES;
				CLANG_WARN_OBJC_IMPLICIT_RETAIN_SELF = YES;
				CLANG_WARN_OBJC_LITERAL_CONVERSION = YES;
				CLANG_WARN_OBJC_ROOT_CLASS = YES_ERROR;
				CLANG_WARN_RANGE_LOOP_ANALYSIS = YES;
				CLANG_WARN_STRICT_PROTOTYPES = YES;
				CLANG_WARN_SUSPICIOUS_MOVE = YES;
				CLANG_WARN_UNGUARDED_AVAILABILITY = YES_AGGRESSIVE;
				CLANG_WARN_UNREACHABLE_CODE = YES;
				CLANG_WARN__DUPLICATE_METHOD_MATCH = YES;
				CODE_SIGN_IDENTITY = "iPhone Developer";
				COPY_PHASE_STRIP = NO;
				DEBUG_INFORMATION_FORMAT = dwarf;
				ENABLE_STRICT_OBJC_MSGSEND = YES;
				ENABLE_TESTABILITY = YES;
				GCC_C_LANGUAGE_STANDARD = gnu11;
				GCC_DYNAMIC_NO_PIC = NO;
				GCC_NO_COMMON_BLOCKS = YES;
				GCC_OPTIMIZATION_LEVEL = 0;
				GCC_PREPROCESSOR_DEFINITIONS = (
					"DEBUG=1",
					"$(inherited)",
				);
				GCC_WARN_64_TO_32_BIT_CONVERSION = YES;
				GCC_WARN_ABOUT_RETURN_TYPE = YES_ERROR;
				GCC_WARN_UNDECLARED_SELECTOR = YES;
				GCC_WARN_UNINITIALIZED_AUTOS = YES_AGGRESSIVE;
				GCC_WARN_UNUSED_FUNCTION = YES;
				GCC_WARN_UNUSED_VARIABLE = YES;
				IPHONEOS_DEPLOYMENT_TARGET = 11.4;
				MTL_ENABLE_DEBUG_INFO = YES;
				ONLY_ACTIVE_ARCH = YES;
				SDKROOT = iphoneos;
				SWIFT_ACTIVE_COMPILATION_CONDITIONS = DEBUG;
				SWIFT_OPTIMIZATION_LEVEL = "-Onone";
			};
			name = Debug;
		};
		5E64DEA92120F81500CFADAC /* Release */ = {
			isa = XCBuildConfiguration;
			buildSettings = {
				ALWAYS_SEARCH_USER_PATHS = NO;
				CLANG_ANALYZER_NONNULL = YES;
				CLANG_ANALYZER_NUMBER_OBJECT_CONVERSION = YES_AGGRESSIVE;
				CLANG_CXX_LANGUAGE_STANDARD = "gnu++14";
				CLANG_CXX_LIBRARY = "libc++";
				CLANG_ENABLE_MODULES = YES;
				CLANG_ENABLE_OBJC_ARC = YES;
				CLANG_ENABLE_OBJC_WEAK = YES;
				CLANG_WARN_BLOCK_CAPTURE_AUTORELEASING = YES;
				CLANG_WARN_BOOL_CONVERSION = YES;
				CLANG_WARN_COMMA = YES;
				CLANG_WARN_CONSTANT_CONVERSION = YES;
				CLANG_WARN_DEPRECATED_OBJC_IMPLEMENTATIONS = YES;
				CLANG_WARN_DIRECT_OBJC_ISA_USAGE = YES_ERROR;
				CLANG_WARN_DOCUMENTATION_COMMENTS = YES;
				CLANG_WARN_EMPTY_BODY = YES;
				CLANG_WARN_ENUM_CONVERSION = YES;
				CLANG_WARN_INFINITE_RECURSION = YES;
				CLANG_WARN_INT_CONVERSION = YES;
				CLANG_WARN_NON_LITERAL_NULL_CONVERSION = YES;
				CLANG_WARN_OBJC_IMPLICIT_RETAIN_SELF = YES;
				CLANG_WARN_OBJC_LITERAL_CONVERSION = YES;
				CLANG_WARN_OBJC_ROOT_CLASS = YES_ERROR;
				CLANG_WARN_RANGE_LOOP_ANALYSIS = YES;
				CLANG_WARN_STRICT_PROTOTYPES = YES;
				CLANG_WARN_SUSPICIOUS_MOVE = YES;
				CLANG_WARN_UNGUARDED_AVAILABILITY = YES_AGGRESSIVE;
				CLANG_WARN_UNREACHABLE_CODE = YES;
				CLANG_WARN__DUPLICATE_METHOD_MATCH = YES;
				CODE_SIGN_IDENTITY = "iPhone Developer";
				COPY_PHASE_STRIP = NO;
				DEBUG_INFORMATION_FORMAT = "dwarf-with-dsym";
				ENABLE_NS_ASSERTIONS = NO;
				ENABLE_STRICT_OBJC_MSGSEND = YES;
				GCC_C_LANGUAGE_STANDARD = gnu11;
				GCC_NO_COMMON_BLOCKS = YES;
				GCC_WARN_64_TO_32_BIT_CONVERSION = YES;
				GCC_WARN_ABOUT_RETURN_TYPE = YES_ERROR;
				GCC_WARN_UNDECLARED_SELECTOR = YES;
				GCC_WARN_UNINITIALIZED_AUTOS = YES_AGGRESSIVE;
				GCC_WARN_UNUSED_FUNCTION = YES;
				GCC_WARN_UNUSED_VARIABLE = YES;
				IPHONEOS_DEPLOYMENT_TARGET = 11.4;
				MTL_ENABLE_DEBUG_INFO = NO;
				SDKROOT = iphoneos;
				SWIFT_COMPILATION_MODE = wholemodule;
				SWIFT_OPTIMIZATION_LEVEL = "-O";
				VALIDATE_PRODUCT = YES;
			};
			name = Release;
		};
		5E64DEAB2120F81500CFADAC /* Debug */ = {
			isa = XCBuildConfiguration;
			baseConfigurationReference = 86840EF3649A60F737BCB915 /* Pods-Stego.debug.xcconfig */;
			buildSettings = {
				ASSETCATALOG_COMPILER_APPICON_NAME = AppIcon;
				CODE_SIGN_STYLE = Automatic;
				DEVELOPMENT_TEAM = LY3YGZ4K4B;
				INFOPLIST_FILE = Stego/Info.plist;
				LD_RUNPATH_SEARCH_PATHS = (
					"$(inherited)",
					"@executable_path/Frameworks",
				);
				PRODUCT_BUNDLE_IDENTIFIER = com.sealy.george.Stego;
				PRODUCT_NAME = "$(TARGET_NAME)";
				SWIFT_VERSION = 4.0;
				TARGETED_DEVICE_FAMILY = "1,2";
			};
			name = Debug;
		};
		5E64DEAC2120F81500CFADAC /* Release */ = {
			isa = XCBuildConfiguration;
			baseConfigurationReference = A5195292377DD4E439D78A9D /* Pods-Stego.release.xcconfig */;
			buildSettings = {
				ASSETCATALOG_COMPILER_APPICON_NAME = AppIcon;
				CODE_SIGN_STYLE = Automatic;
				DEVELOPMENT_TEAM = LY3YGZ4K4B;
				INFOPLIST_FILE = Stego/Info.plist;
				LD_RUNPATH_SEARCH_PATHS = (
					"$(inherited)",
					"@executable_path/Frameworks",
				);
				PRODUCT_BUNDLE_IDENTIFIER = com.sealy.george.Stego;
				PRODUCT_NAME = "$(TARGET_NAME)";
				SWIFT_VERSION = 4.0;
				TARGETED_DEVICE_FAMILY = "1,2";
			};
			name = Release;
		};
		5E64DEAE2120F81500CFADAC /* Debug */ = {
			isa = XCBuildConfiguration;
			baseConfigurationReference = 1C887BBE403EA9F7C0F451F1 /* Pods-StegoTests.debug.xcconfig */;
			buildSettings = {
				ALWAYS_EMBED_SWIFT_STANDARD_LIBRARIES = YES;
				BUNDLE_LOADER = "$(TEST_HOST)";
				CODE_SIGN_STYLE = Automatic;
				DEVELOPMENT_TEAM = LY3YGZ4K4B;
				INFOPLIST_FILE = StegoTests/Info.plist;
				LD_RUNPATH_SEARCH_PATHS = (
					"$(inherited)",
					"@executable_path/Frameworks",
					"@loader_path/Frameworks",
				);
				PRODUCT_BUNDLE_IDENTIFIER = com.sealy.george.StegoTests;
				PRODUCT_NAME = "$(TARGET_NAME)";
				SWIFT_VERSION = 4.0;
				TARGETED_DEVICE_FAMILY = "1,2";
				TEST_HOST = "$(BUILT_PRODUCTS_DIR)/Stego.app/Stego";
			};
			name = Debug;
		};
		5E64DEAF2120F81500CFADAC /* Release */ = {
			isa = XCBuildConfiguration;
			baseConfigurationReference = E6FA12AB3F1C07B6A70E3211 /* Pods-StegoTests.release.xcconfig */;
			buildSettings = {
				ALWAYS_EMBED_SWIFT_STANDARD_LIBRARIES = YES;
				BUNDLE_LOADER = "$(TEST_HOST)";
				CODE_SIGN_STYLE = Automatic;
				DEVELOPMENT_TEAM = LY3YGZ4K4B;
				INFOPLIST_FILE = StegoTests/Info.plist;
				LD_RUNPATH_SEARCH_PATHS = (
					"$(inherited)",
					"@executable_path/Frameworks",
					"@loader_path/Frameworks",
				);
				PRODUCT_BUNDLE_IDENTIFIER = com.sealy.george.StegoTests;
				PRODUCT_NAME = "$(TARGET_NAME)";
				SWIFT_VERSION = 4.0;
				TARGETED_DEVICE_FAMILY = "1,2";
				TEST_HOST = "$(BUILT_PRODUCTS_DIR)/Stego.app/Stego";
			};
			name = Release;
		};
		5E64DEB12120F81500CFADAC /* Debug */ = {
			isa = XCBuildConfiguration;
			baseConfigurationReference = 689905337702E6E0696CFFFA /* Pods-StegoUITests.debug.xcconfig */;
			buildSettings = {
				ALWAYS_EMBED_SWIFT_STANDARD_LIBRARIES = YES;
				CODE_SIGN_STYLE = Automatic;
				DEVELOPMENT_TEAM = LY3YGZ4K4B;
				INFOPLIST_FILE = StegoUITests/Info.plist;
				LD_RUNPATH_SEARCH_PATHS = (
					"$(inherited)",
					"@executable_path/Frameworks",
					"@loader_path/Frameworks",
				);
				PRODUCT_BUNDLE_IDENTIFIER = com.sealy.george.StegoUITests;
				PRODUCT_NAME = "$(TARGET_NAME)";
				SWIFT_VERSION = 4.0;
				TARGETED_DEVICE_FAMILY = "1,2";
				TEST_TARGET_NAME = Stego;
			};
			name = Debug;
		};
		5E64DEB22120F81500CFADAC /* Release */ = {
			isa = XCBuildConfiguration;
			baseConfigurationReference = 411DA289233FB167A59459EE /* Pods-StegoUITests.release.xcconfig */;
			buildSettings = {
				ALWAYS_EMBED_SWIFT_STANDARD_LIBRARIES = YES;
				CODE_SIGN_STYLE = Automatic;
				DEVELOPMENT_TEAM = LY3YGZ4K4B;
				INFOPLIST_FILE = StegoUITests/Info.plist;
				LD_RUNPATH_SEARCH_PATHS = (
					"$(inherited)",
					"@executable_path/Frameworks",
					"@loader_path/Frameworks",
				);
				PRODUCT_BUNDLE_IDENTIFIER = com.sealy.george.StegoUITests;
				PRODUCT_NAME = "$(TARGET_NAME)";
				SWIFT_VERSION = 4.0;
				TARGETED_DEVICE_FAMILY = "1,2";
				TEST_TARGET_NAME = Stego;
			};
			name = Release;
		};
/* End XCBuildConfiguration section */

/* Begin XCConfigurationList section */
		5E64DE7D2120F81300CFADAC /* Build configuration list for PBXProject "Stego" */ = {
			isa = XCConfigurationList;
			buildConfigurations = (
				5E64DEA82120F81500CFADAC /* Debug */,
				5E64DEA92120F81500CFADAC /* Release */,
			);
			defaultConfigurationIsVisible = 0;
			defaultConfigurationName = Release;
		};
		5E64DEAA2120F81500CFADAC /* Build configuration list for PBXNativeTarget "Stego" */ = {
			isa = XCConfigurationList;
			buildConfigurations = (
				5E64DEAB2120F81500CFADAC /* Debug */,
				5E64DEAC2120F81500CFADAC /* Release */,
			);
			defaultConfigurationIsVisible = 0;
			defaultConfigurationName = Release;
		};
		5E64DEAD2120F81500CFADAC /* Build configuration list for PBXNativeTarget "StegoTests" */ = {
			isa = XCConfigurationList;
			buildConfigurations = (
				5E64DEAE2120F81500CFADAC /* Debug */,
				5E64DEAF2120F81500CFADAC /* Release */,
			);
			defaultConfigurationIsVisible = 0;
			defaultConfigurationName = Release;
		};
		5E64DEB02120F81500CFADAC /* Build configuration list for PBXNativeTarget "StegoUITests" */ = {
			isa = XCConfigurationList;
			buildConfigurations = (
				5E64DEB12120F81500CFADAC /* Debug */,
				5E64DEB22120F81500CFADAC /* Release */,
			);
			defaultConfigurationIsVisible = 0;
			defaultConfigurationName = Release;
		};
/* End XCConfigurationList section */

/* Begin XCVersionGroup section */
		5EA0A1652126607900C04C1E /* DataModels.xcdatamodeld */ = {
			isa = XCVersionGroup;
			children = (
				5EA0A1662126607900C04C1E /* DataModels.xcdatamodel */,
			);
			currentVersion = 5EA0A1662126607900C04C1E /* DataModels.xcdatamodel */;
			path = DataModels.xcdatamodeld;
			sourceTree = "<group>";
			versionGroupType = wrapper.xcdatamodel;
		};
/* End XCVersionGroup section */
	};
	rootObject = 5E64DE7A2120F81300CFADAC /* Project object */;
}
